{
  "name": "discord-bot",
  "version": "1.0.0",
  "lockfileVersion": 1,
  "requires": true,
  "dependencies": {
    "ajv": {},
    "ansi-regex": {},
    "arrayiffy-if-string": {},
    "asn1": {},
    "assert-plus": {},
    "ast-monkey": {},
    "astral-regex": {},
    "async-limiter": {},
    "asynckit": {},
    "aws-sign2": {},
    "aws4": {},
    "balanced-match": {},
    "bcrypt-pbkdf": {
      "dependencies": {
        "tweetnacl": {}
      }
    },
    "block-stream": {},
    "bluebird": {},
    "boom": {},
    "brace-expansion": {},
    "caseless": {},
    "check-types-mini": {},
    "cleverbot.io": {},
    "co": {},
    "combined-stream": {},
    "commander": {},
    "component-emitter": {},
    "concat-map": {},
    "cookiejar": {},
    "core-util-is": {},
    "cryptiles": {
      "dependencies": {
        "boom": {}
      }
    },
    "d": {},
    "dashdash": {},
    "debug": {},
    "delayed-stream": {},
    "discord.js": {},
    "ecc-jsbn": {},
    "emojilib": {},
    "es5-ext": {
      "dependencies": {
        "d": {},
        "es6-iterator": {},
        "es6-symbol": {}
      }
    },
    "es6-iterator": {},
    "es6-symbol": {},
    "escape-string-regexp": {},
    "eslint-config-google": {},
    "extend": {},
    "extsprintf": {},
    "fast-deep-equal": {},
    "fast-json-stable-stringify": {},
    "ffmpeg-binaries": {},
    "forever-agent": {},
    "form-data": {},
    "formidable": {},
    "fs.realpath": {},
    "fstream": {},
    "getpass": {},
    "glob": {},
    "graceful-fs": {},
    "har-schema": {},
    "har-validator": {},
    "hawk": {},
    "hoek": {},
    "http-signature": {},
    "inflight": {},
    "inherits": {},
    "is-natural-number": {},
    "is-natural-number-string": {},
    "is-typedarray": {},
    "isarray": {},
    "isstream": {},
    "jsbn": {},
    "json-schema": {},
    "json-schema-traverse": {},
    "json-stringify-safe": {},
    "json-variables": {},
    "jsprim": {},
    "lodash.clonedeep": {},
    "lodash.includes": {},
    "lodash.intersection": {},
    "lodash.isequal": {},
    "lodash.isplainobject": {},
    "lodash.pullall": {},
    "lodash.toarray": {},
    "lodash.trim": {},
    "long": {},
    "matcher": {},
    "methods": {},
    "mime": {},
    "mime-db": {},
    "mime-types": {},
    "minimatch": {},
    "minimist": {},
    "mkdirp": {},
    "moji-translate": {},
    "mout": {},
    "ms": {},
    "num-sort": {},
    "number-is-nan": {},
    "oauth-sign": {},
    "object-path": {},
    "once": {},
    "opusscript": {},
    "path-is-absolute": {},
    "performance-now": {},
    "prism-media": {},
    "process-nextick-args": {},
    "punycode": {},
    "qs": {},
    "random-cat": {},
    "readable-stream": {},
    "request": {},
    "rimraf": {},
    "safe-buffer": {},
    "snekfetch": {},
    "sntp": {},
    "splice-string": {},
    "sshpk": {
      "dependencies": {
        "tweetnacl": {}
      }
    },
    "str-indexes-of-plus": {},
    "string-length": {},
    "string-slice": {
      "dependencies": {
        "ansi-regex": {},
        "string-length": {},
        "strip-ansi": {}
      }
    },
    "string_decoder": {},
    "stringstream": {},
    "strip-ansi": {},
    "superagent": {},
    "tar": {},
    "tar.gz": {},
    "tough-cookie": {},
    "tunnel-agent": {},
    "tweetnacl": {},
    "type-detect": {},
    "ultron": {},
    "util-array-object-or-both": {},
    "util-deprecate": {},
    "uuid": {},
    "verror": {},
    "wrappy": {},
    "ws": {}
  }
}
